{
  "name": "gScript_host",
  "version": "1.0.0",
  "lockfileVersion": 1,
  "requires": true,
  "dependencies": {
    "gscript2020": {
      "version": "git+https://github.com/Ehawk82/gScript2020.git#bb286bf403a26cdd1b439b2fa59b627e2bfcbc42",
      "from": "git+https://github.com/Ehawk82/gScript2020.git"
    }
  }
}
