{
  "name": "gscript_host",
  "version": "1.0.0",
  "lockfileVersion": 1,
  "requires": true,
  "dependencies": {
    "gscript2020": {
      "version": "git+https://github.com/Ehawk82/gScript2020.git#7e8180e63208a5dd32785fa80a0f14fb0c031d54",
      "from": "git+https://github.com/Ehawk82/gScript2020.git"
    }
  }
}
